
Microsoft Visual Studio Solution File, Format Version 12.00
# Visual Studio Version 17
VisualStudioVersion = 17.0.31903.59
MinimumVisualStudioVersion = 10.0.40219.1
Project("{FAE04EC0-301F-11D3-BF4B-00C04F79EFBC}") = "API", "API\API.csproj", "{8EFD0E44-C6CC-4BF0-8571-0205B5CA0323}"
EndProject
Project("{FAE04EC0-301F-11D3-BF4B-00C04F79EFBC}") = "Core", "Core\Core.csproj", "{B0ACE8E5-B1DB-4084-AD99-7596E5C44DC8}"
EndProject
Project("{FAE04EC0-301F-11D3-BF4B-00C04F79EFBC}") = "Infrastructure", "Infrastructure\Infrastructure.csproj", "{866AF3D8-A174-4A7D-B852-52B9F375686D}"
EndProject
Global
	GlobalSection(SolutionConfigurationPlatforms) = preSolution
		Debug|Any CPU = Debug|Any CPU
		Release|Any CPU = Release|Any CPU
	EndGlobalSection
	GlobalSection(SolutionProperties) = preSolution
		HideSolutionNode = FALSE
	EndGlobalSection
	GlobalSection(ProjectConfigurationPlatforms) = postSolution
		{8EFD0E44-C6CC-4BF0-8571-0205B5CA0323}.Debug|Any CPU.ActiveCfg = Debug|Any CPU
		{8EFD0E44-C6CC-4BF0-8571-0205B5CA0323}.Debug|Any CPU.Build.0 = Debug|Any CPU
		{8EFD0E44-C6CC-4BF0-8571-0205B5CA0323}.Release|Any CPU.ActiveCfg = Release|Any CPU
		{8EFD0E44-C6CC-4BF0-8571-0205B5CA0323}.Release|Any CPU.Build.0 = Release|Any CPU
		{B0ACE8E5-B1DB-4084-AD99-7596E5C44DC8}.Debug|Any CPU.ActiveCfg = Debug|Any CPU
		{B0ACE8E5-B1DB-4084-AD99-7596E5C44DC8}.Debug|Any CPU.Build.0 = Debug|Any CPU
		{B0ACE8E5-B1DB-4084-AD99-7596E5C44DC8}.Release|Any CPU.ActiveCfg = Release|Any CPU
		{B0ACE8E5-B1DB-4084-AD99-7596E5C44DC8}.Release|Any CPU.Build.0 = Release|Any CPU
		{866AF3D8-A174-4A7D-B852-52B9F375686D}.Debug|Any CPU.ActiveCfg = Debug|Any CPU
		{866AF3D8-A174-4A7D-B852-52B9F375686D}.Debug|Any CPU.Build.0 = Debug|Any CPU
		{866AF3D8-A174-4A7D-B852-52B9F375686D}.Release|Any CPU.ActiveCfg = Release|Any CPU
		{866AF3D8-A174-4A7D-B852-52B9F375686D}.Release|Any CPU.Build.0 = Release|Any CPU
	EndGlobalSection
EndGlobal
